<?xml version="1.0" encoding="utf-8"?>
<Project ToolsVersion="4.0" xmlns="http://schemas.microsoft.com/developer/msbuild/2003">
  <ItemGroup>
    <Filter Include="源文件">
      <UniqueIdentifier>{4FC737F1-C7A5-4376-A066-2A32D752A2FF}</UniqueIdentifier>
      <Extensions>cpp;c;cc;cxx;def;odl;idl;hpj;bat;asm;asmx</Extensions>
    </Filter>
    <Filter Include="头文件">
      <UniqueIdentifier>{93995380-89BD-4b04-88EB-625FBE52EBFB}</UniqueIdentifier>
      <Extensions>h;hh;hpp;hxx;hm;inl;inc;xsd</Extensions>
    </Filter>
    <Filter Include="资源文件">
      <UniqueIdentifier>{67DA6AB6-F800-4c08-8B7A-83BB121AAD01}</UniqueIdentifier>
      <Extensions>rc;ico;cur;bmp;dlg;rc2;rct;bin;rgs;gif;jpg;jpeg;jpe;resx;tiff;tif;png;wav;mfcribbon-ms</Extensions>
    </Filter>
    <Filter Include="头文件\Sensor">
      <UniqueIdentifier>{c04a517f-7fcc-46dc-9504-527d9bd6256e}</UniqueIdentifier>
    </Filter>
    <Filter Include="源文件\Sensor">
      <UniqueIdentifier>{92d73610-f06b-4157-9a82-73cd55374e03}</UniqueIdentifier>
    </Filter>
  </ItemGroup>
  <ItemGroup>
    <ClCompile Include="CCalibration.cpp">
      <Filter>源文件</Filter>
    </ClCompile>
    <ClCompile Include="CStorage.cpp">
      <Filter>源文件</Filter>
    </ClCompile>
    <ClCompile Include="CVisualization.cpp">
      <Filter>源文件</Filter>
    </ClCompile>
    <ClCompile Include="main.cpp">
      <Filter>源文件</Filter>
    </ClCompile>
    <ClCompile Include="StaticParameters.cpp">
      <Filter>源文件</Filter>
    </ClCompile>
    <ClCompile Include="GlobalFunction.cpp">
      <Filter>源文件</Filter>
    </ClCompile>
    <ClCompile Include="CDecodeGray.cpp">
      <Filter>源文件</Filter>
    </ClCompile>
    <ClCompile Include="CDecodePhase.cpp">
      <Filter>源文件</Filter>
    </ClCompile>
    <ClCompile Include="CSensor.cpp">
      <Filter>源文件\Sensor</Filter>
    </ClCompile>
    <ClCompile Include="CCamera.cpp">
      <Filter>源文件\Sensor</Filter>
    </ClCompile>
    <ClCompile Include="CProjector.cpp">
      <Filter>源文件\Sensor</Filter>
    </ClCompile>
  </ItemGroup>
  <ItemGroup>
    <ClInclude Include="head.h">
      <Filter>头文件</Filter>
    </ClInclude>
    <ClInclude Include="CCalibration.h">
      <Filter>头文件</Filter>
    </ClInclude>
    <ClInclude Include="CStorage.h">
      <Filter>头文件</Filter>
    </ClInclude>
    <ClInclude Include="CVisualization.h">
      <Filter>头文件</Filter>
    </ClInclude>
    <ClInclude Include="StaticParameters.h">
      <Filter>头文件</Filter>
    </ClInclude>
    <ClInclude Include="GlobalFunction.h">
      <Filter>头文件</Filter>
    </ClInclude>
    <ClInclude Include="CDecodeGray.h">
      <Filter>头文件</Filter>
    </ClInclude>
    <ClInclude Include="CDecodePhase.h">
      <Filter>头文件</Filter>
    </ClInclude>
    <ClInclude Include="CSensor.h">
      <Filter>头文件\Sensor</Filter>
    </ClInclude>
    <ClInclude Include="CProjector.h">
      <Filter>头文件\Sensor</Filter>
    </ClInclude>
    <ClInclude Include="CCamera.h">
      <Filter>头文件\Sensor</Filter>
    </ClInclude>
  </ItemGroup>
</Project>